
Microsoft Visual Studio Solution File, Format Version 12.00
# Visual Studio 2013
VisualStudioVersion = 12.0.21005.1
MinimumVisualStudioVersion = 10.0.40219.1
Project("{F184B08F-C81C-45F6-A57F-5ABD9991F28F}") = "Serie06Exo01", "Serie06Exo01\Serie06Exo01.vbproj", "{E374300C-1F23-4657-8969-1909F3BF42F6}"
EndProject
Global
	GlobalSection(TeamFoundationVersionControl) = preSolution
		SccNumberOfProjects = 2
		SccEnterpriseProvider = {4CA58AB2-18FA-4F8D-95D4-32DDF27D184C}
		SccTeamFoundationServer = https://devos.visualstudio.com/defaultcollection
		SccLocalPath0 = .
		SccProjectUniqueName1 = Serie06Exo01\\Serie06Exo01.vbproj
		SccProjectName1 = Serie06Exo01
		SccLocalPath1 = Serie06Exo01
	EndGlobalSection
	GlobalSection(SolutionConfigurationPlatforms) = preSolution
		Debug|Any CPU = Debug|Any CPU
		Release|Any CPU = Release|Any CPU
	EndGlobalSection
	GlobalSection(ProjectConfigurationPlatforms) = postSolution
		{E374300C-1F23-4657-8969-1909F3BF42F6}.Debug|Any CPU.ActiveCfg = Debug|Any CPU
		{E374300C-1F23-4657-8969-1909F3BF42F6}.Debug|Any CPU.Build.0 = Debug|Any CPU
		{E374300C-1F23-4657-8969-1909F3BF42F6}.Release|Any CPU.ActiveCfg = Release|Any CPU
		{E374300C-1F23-4657-8969-1909F3BF42F6}.Release|Any CPU.Build.0 = Release|Any CPU
	EndGlobalSection
	GlobalSection(SolutionProperties) = preSolution
		HideSolutionNode = FALSE
	EndGlobalSection
EndGlobal
